
Microsoft Visual Studio Solution File, Format Version 12.00
# Visual Studio 2017
Project("{FAE04EC0-301F-11D3-BF4B-00C04F79EFBC}") = "SaleSystem Project", "SaleSystem Project.csproj", "{C7A5D6F1-2B03-961F-5874-5C53C8C4FE96}"
EndProject
Project("{FAE04EC0-301F-11D3-BF4B-00C04F79EFBC}") = "SaleSystem Project.Editor", "SaleSystem Project.Editor.csproj", "{C182E3D2-8854-5FAC-4B1B-8701E3B80D20}"
EndProject
Global
	GlobalSection(SolutionConfigurationPlatforms) = preSolution
		Debug|Any CPU = Debug|Any CPU
		Release|Any CPU = Release|Any CPU
	EndGlobalSection
	GlobalSection(ProjectConfigurationPlatforms) = postSolution
		{C7A5D6F1-2B03-961F-5874-5C53C8C4FE96}.Debug|Any CPU.ActiveCfg = Debug|Any CPU
		{C7A5D6F1-2B03-961F-5874-5C53C8C4FE96}.Debug|Any CPU.Build.0 = Debug|Any CPU
		{C7A5D6F1-2B03-961F-5874-5C53C8C4FE96}.Release|Any CPU.ActiveCfg = Release|Any CPU
		{C7A5D6F1-2B03-961F-5874-5C53C8C4FE96}.Release|Any CPU.Build.0 = Release|Any CPU
		{C182E3D2-8854-5FAC-4B1B-8701E3B80D20}.Debug|Any CPU.ActiveCfg = Debug|Any CPU
		{C182E3D2-8854-5FAC-4B1B-8701E3B80D20}.Debug|Any CPU.Build.0 = Debug|Any CPU
		{C182E3D2-8854-5FAC-4B1B-8701E3B80D20}.Release|Any CPU.ActiveCfg = Release|Any CPU
		{C182E3D2-8854-5FAC-4B1B-8701E3B80D20}.Release|Any CPU.Build.0 = Release|Any CPU
	EndGlobalSection
	GlobalSection(SolutionProperties) = preSolution
		HideSolutionNode = FALSE
	EndGlobalSection
EndGlobal
